
Microsoft Visual Studio Solution File, Format Version 12.00
# Visual Studio Version 17
VisualStudioVersion = 17.8.34525.116
MinimumVisualStudioVersion = 10.0.40219.1
Project("{FAE04EC0-301F-11D3-BF4B-00C04F79EFBC}") = "CinemaCRMDapper", "CinemaCRMDapper\CinemaCRMDapper.csproj", "{231670B8-E9F5-467D-BB8B-5CF08D6278C4}"
EndProject
Global
	GlobalSection(SolutionConfigurationPlatforms) = preSolution
		Debug|Any CPU = Debug|Any CPU
		Release|Any CPU = Release|Any CPU
	EndGlobalSection
	GlobalSection(ProjectConfigurationPlatforms) = postSolution
		{231670B8-E9F5-467D-BB8B-5CF08D6278C4}.Debug|Any CPU.ActiveCfg = Debug|Any CPU
		{231670B8-E9F5-467D-BB8B-5CF08D6278C4}.Debug|Any CPU.Build.0 = Debug|Any CPU
		{231670B8-E9F5-467D-BB8B-5CF08D6278C4}.Release|Any CPU.ActiveCfg = Release|Any CPU
		{231670B8-E9F5-467D-BB8B-5CF08D6278C4}.Release|Any CPU.Build.0 = Release|Any CPU
	EndGlobalSection
	GlobalSection(SolutionProperties) = preSolution
		HideSolutionNode = FALSE
	EndGlobalSection
	GlobalSection(ExtensibilityGlobals) = postSolution
		SolutionGuid = {595BAA93-6710-413D-B5B1-DA01787D9B27}
	EndGlobalSection
EndGlobal
